// !$*UTF8*$!
{
	archiveVersion = 1;
	classes = {
	};
	objectVersion = 48;
	objects = {

/* Begin PBXBuildFile section */
		6B46844B2022F9EE001F147B /* DestinationData.swift in Sources */ = {isa = PBXBuildFile; fileRef = 6B46844A2022F9EE001F147B /* DestinationData.swift */; };
		6BB78D432032EFA500BF4178 /* DestinationViewController.swift in Sources */ = {isa = PBXBuildFile; fileRef = 6BB78D422032EFA500BF4178 /* DestinationViewController.swift */; };
		6BDB31B9202998E4001286FE /* SceneData.swift in Sources */ = {isa = PBXBuildFile; fileRef = 6BDB31B8202998E4001286FE /* SceneData.swift */; };
		6BF871DD200769220067F8AD /* AppDelegate.swift in Sources */ = {isa = PBXBuildFile; fileRef = 6BF871DC200769220067F8AD /* AppDelegate.swift */; };
		6BF871DF200769220067F8AD /* art.scnassets in Resources */ = {isa = PBXBuildFile; fileRef = 6BF871DE200769220067F8AD /* art.scnassets */; };
		6BF871E1200769220067F8AD /* ViewController.swift in Sources */ = {isa = PBXBuildFile; fileRef = 6BF871E0200769220067F8AD /* ViewController.swift */; };
		6BF871E4200769220067F8AD /* Main.storyboard in Resources */ = {isa = PBXBuildFile; fileRef = 6BF871E2200769220067F8AD /* Main.storyboard */; };
		6BF871E6200769220067F8AD /* Assets.xcassets in Resources */ = {isa = PBXBuildFile; fileRef = 6BF871E5200769220067F8AD /* Assets.xcassets */; };
		6BF871E9200769220067F8AD /* LaunchScreen.storyboard in Resources */ = {isa = PBXBuildFile; fileRef = 6BF871E7200769220067F8AD /* LaunchScreen.storyboard */; };
/* End PBXBuildFile section */

/* Begin PBXFileReference section */
		6B46844A2022F9EE001F147B /* DestinationData.swift */ = {isa = PBXFileReference; lastKnownFileType = sourcecode.swift; path = DestinationData.swift; sourceTree = "<group>"; };
		6BB78D422032EFA500BF4178 /* DestinationViewController.swift */ = {isa = PBXFileReference; lastKnownFileType = sourcecode.swift; path = DestinationViewController.swift; sourceTree = "<group>"; };
		6BDB31B8202998E4001286FE /* SceneData.swift */ = {isa = PBXFileReference; lastKnownFileType = sourcecode.swift; path = SceneData.swift; sourceTree = "<group>"; };
		6BF871D9200769220067F8AD /* Sightseeing.app */ = {isa = PBXFileReference; explicitFileType = wrapper.application; includeInIndex = 0; path = Sightseeing.app; sourceTree = BUILT_PRODUCTS_DIR; };
		6BF871DC200769220067F8AD /* AppDelegate.swift */ = {isa = PBXFileReference; lastKnownFileType = sourcecode.swift; path = AppDelegate.swift; sourceTree = "<group>"; };
		6BF871DE200769220067F8AD /* art.scnassets */ = {isa = PBXFileReference; lastKnownFileType = wrapper.scnassets; path = art.scnassets; sourceTree = "<group>"; };
		6BF871E0200769220067F8AD /* ViewController.swift */ = {isa = PBXFileReference; lastKnownFileType = sourcecode.swift; path = ViewController.swift; sourceTree = "<group>"; };
		6BF871E3200769220067F8AD /* Base */ = {isa = PBXFileReference; lastKnownFileType = file.storyboard; name = Base; path = Base.lproj/Main.storyboard; sourceTree = "<group>"; };
		6BF871E5200769220067F8AD /* Assets.xcassets */ = {isa = PBXFileReference; lastKnownFileType = folder.assetcatalog; path = Assets.xcassets; sourceTree = "<group>"; };
		6BF871E8200769220067F8AD /* Base */ = {isa = PBXFileReference; lastKnownFileType = file.storyboard; name = Base; path = Base.lproj/LaunchScreen.storyboard; sourceTree = "<group>"; };
		6BF871EA200769220067F8AD /* Info.plist */ = {isa = PBXFileReference; lastKnownFileType = text.plist.xml; path = Info.plist; sourceTree = "<group>"; };
/* End PBXFileReference section */

/* Begin PBXFrameworksBuildPhase section */
		6BF871D6200769220067F8AD /* Frameworks */ = {
			isa = PBXFrameworksBuildPhase;
			buildActionMask = 2147483647;
			files = (
			);
			runOnlyForDeploymentPostprocessing = 0;
		};
/* End PBXFrameworksBuildPhase section */

/* Begin PBXGroup section */
		6BF871D0200769220067F8AD = {
			isa = PBXGroup;
			children = (
				6BF871DB200769220067F8AD /* Sightseeing */,
				6BF871DA200769220067F8AD /* Products */,
			);
			sourceTree = "<group>";
		};
		6BF871DA200769220067F8AD /* Products */ = {
			isa = PBXGroup;
			children = (
				6BF871D9200769220067F8AD /* Sightseeing.app */,
			);
			name = Products;
			sourceTree = "<group>";
		};
		6BF871DB200769220067F8AD /* Sightseeing */ = {
			isa = PBXGroup;
			children = (
				6BF871DC200769220067F8AD /* AppDelegate.swift */,
				6BF871DE200769220067F8AD /* art.scnassets */,
				6BF871E0200769220067F8AD /* ViewController.swift */,
				6BF871E2200769220067F8AD /* Main.storyboard */,
				6BF871E5200769220067F8AD /* Assets.xcassets */,
				6BF871E7200769220067F8AD /* LaunchScreen.storyboard */,
				6BF871EA200769220067F8AD /* Info.plist */,
				6B46844A2022F9EE001F147B /* DestinationData.swift */,
				6BDB31B8202998E4001286FE /* SceneData.swift */,
				6BB78D422032EFA500BF4178 /* DestinationViewController.swift */,
			);
			path = Sightseeing;
			sourceTree = "<group>";
		};
/* End PBXGroup section */

/* Begin PBXNativeTarget section */
		6BF871D8200769220067F8AD /* Sightseeing */ = {
			isa = PBXNativeTarget;
			buildConfigurationList = 6BF871ED200769220067F8AD /* Build configuration list for PBXNativeTarget "Sightseeing" */;
			buildPhases = (
				6BF871D5200769220067F8AD /* Sources */,
				6BF871D6200769220067F8AD /* Frameworks */,
				6BF871D7200769220067F8AD /* Resources */,
			);
			buildRules = (
			);
			dependencies = (
			);
			name = Sightseeing;
			productName = Sightseeing;
			productReference = 6BF871D9200769220067F8AD /* Sightseeing.app */;
			productType = "com.apple.product-type.application";
		};
/* End PBXNativeTarget section */

/* Begin PBXProject section */
		6BF871D1200769220067F8AD /* Project object */ = {
			isa = PBXProject;
			attributes = {
				LastSwiftUpdateCheck = 0920;
				LastUpgradeCheck = 0920;
				ORGANIZATIONNAME = "Dominik Kura";
				TargetAttributes = {
					6BF871D8200769220067F8AD = {
						CreatedOnToolsVersion = 9.2;
						ProvisioningStyle = Automatic;
					};
				};
			};
			buildConfigurationList = 6BF871D4200769220067F8AD /* Build configuration list for PBXProject "Sightseeing" */;
			compatibilityVersion = "Xcode 8.0";
			developmentRegion = en;
			hasScannedForEncodings = 0;
			knownRegions = (
				en,
				Base,
			);
			mainGroup = 6BF871D0200769220067F8AD;
			productRefGroup = 6BF871DA200769220067F8AD /* Products */;
			projectDirPath = "";
			projectRoot = "";
			targets = (
				6BF871D8200769220067F8AD /* Sightseeing */,
			);
		};
/* End PBXProject section */

/* Begin PBXResourcesBuildPhase section */
		6BF871D7200769220067F8AD /* Resources */ = {
			isa = PBXResourcesBuildPhase;
			buildActionMask = 2147483647;
			files = (
				6BF871DF200769220067F8AD /* art.scnassets in Resources */,
				6BF871E9200769220067F8AD /* LaunchScreen.storyboard in Resources */,
				6BF871E6200769220067F8AD /* Assets.xcassets in Resources */,
				6BF871E4200769220067F8AD /* Main.storyboard in Resources */,
			);
			runOnlyForDeploymentPostprocessing = 0;
		};
/* End PBXResourcesBuildPhase section */

/* Begin PBXSourcesBuildPhase section */
		6BF871D5200769220067F8AD /* Sources */ = {
			isa = PBXSourcesBuildPhase;
			buildActionMask = 2147483647;
			files = (
				6B46844B2022F9EE001F147B /* DestinationData.swift in Sources */,
				6BF871E1200769220067F8AD /* ViewController.swift in Sources */,
				6BB78D432032EFA500BF4178 /* DestinationViewController.swift in Sources */,
				6BDB31B9202998E4001286FE /* SceneData.swift in Sources */,
				6BF871DD200769220067F8AD /* AppDelegate.swift in Sources */,
			);
			runOnlyForDeploymentPostprocessing = 0;
		};
/* End PBXSourcesBuildPhase section */

/* Begin PBXVariantGroup section */
		6BF871E2200769220067F8AD /* Main.storyboard */ = {
			isa = PBXVariantGroup;
			children = (
				6BF871E3200769220067F8AD /* Base */,
			);
			name = Main.storyboard;
			sourceTree = "<group>";
		};
		6BF871E7200769220067F8AD /* LaunchScreen.storyboard */ = {
			isa = PBXVariantGroup;
			children = (
				6BF871E8200769220067F8AD /* Base */,
			);
			name = LaunchScreen.storyboard;
			sourceTree = "<group>";
		};
/* End PBXVariantGroup section */

/* Begin XCBuildConfiguration section */
		6BF871EB200769220067F8AD /* Debug */ = {
			isa = XCBuildConfiguration;
			buildSettings = {
				ALWAYS_SEARCH_USER_PATHS = NO;
				CLANG_ANALYZER_NONNULL = YES;
				CLANG_ANALYZER_NUMBER_OBJECT_CONVERSION = YES_AGGRESSIVE;
				CLANG_CXX_LANGUAGE_STANDARD = "gnu++14";
				CLANG_CXX_LIBRARY = "libc++";
				CLANG_ENABLE_MODULES = YES;
				CLANG_ENABLE_OBJC_ARC = YES;
				CLANG_WARN_BLOCK_CAPTURE_AUTORELEASING = YES;
				CLANG_WARN_BOOL_CONVERSION = YES;
				CLANG_WARN_COMMA = YES;
				CLANG_WARN_CONSTANT_CONVERSION = YES;
				CLANG_WARN_DIRECT_OBJC_ISA_USAGE = YES_ERROR;
				CLANG_WARN_DOCUMENTATION_COMMENTS = YES;
				CLANG_WARN_EMPTY_BODY = YES;
				CLANG_WARN_ENUM_CONVERSION = YES;
				CLANG_WARN_INFINITE_RECURSION = YES;
				CLANG_WARN_INT_CONVERSION = YES;
				CLANG_WARN_NON_LITERAL_NULL_CONVERSION = YES;
				CLANG_WARN_OBJC_LITERAL_CONVERSION = YES;
				CLANG_WARN_OBJC_ROOT_CLASS = YES_ERROR;
				CLANG_WARN_RANGE_LOOP_ANALYSIS = YES;
				CLANG_WARN_STRICT_PROTOTYPES = YES;
				CLANG_WARN_SUSPICIOUS_MOVE = YES;
				CLANG_WARN_UNGUARDED_AVAILABILITY = YES_AGGRESSIVE;
				CLANG_WARN_UNREACHABLE_CODE = YES;
				CLANG_WARN__DUPLICATE_METHOD_MATCH = YES;
				CODE_SIGN_IDENTITY = "iPhone Developer";
				COPY_PHASE_STRIP = NO;
				DEBUG_INFORMATION_FORMAT = dwarf;
				ENABLE_STRICT_OBJC_MSGSEND = YES;
				ENABLE_TESTABILITY = YES;
				GCC_C_LANGUAGE_STANDARD = gnu11;
				GCC_DYNAMIC_NO_PIC = NO;
				GCC_NO_COMMON_BLOCKS = YES;
				GCC_OPTIMIZATION_LEVEL = 0;
				GCC_PREPROCESSOR_DEFINITIONS = (
					"DEBUG=1",
					"$(inherited)",
				);
				GCC_WARN_64_TO_32_BIT_CONVERSION = YES;
				GCC_WARN_ABOUT_RETURN_TYPE = YES_ERROR;
				GCC_WARN_UNDECLARED_SELECTOR = YES;
				GCC_WARN_UNINITIALIZED_AUTOS = YES_AGGRESSIVE;
				GCC_WARN_UNUSED_FUNCTION = YES;
				GCC_WARN_UNUSED_VARIABLE = YES;
				IPHONEOS_DEPLOYMENT_TARGET = 11.2;
				MTL_ENABLE_DEBUG_INFO = YES;
				ONLY_ACTIVE_ARCH = YES;
				SDKROOT = iphoneos;
				SWIFT_ACTIVE_COMPILATION_CONDITIONS = DEBUG;
				SWIFT_OPTIMIZATION_LEVEL = "-Onone";
			};
			name = Debug;
		};
		6BF871EC200769220067F8AD /* Release */ = {
			isa = XCBuildConfiguration;
			buildSettings = {
				ALWAYS_SEARCH_USER_PATHS = NO;
				CLANG_ANALYZER_NONNULL = YES;
				CLANG_ANALYZER_NUMBER_OBJECT_CONVERSION = YES_AGGRESSIVE;
				CLANG_CXX_LANGUAGE_STANDARD = "gnu++14";
				CLANG_CXX_LIBRARY = "libc++";
				CLANG_ENABLE_MODULES = YES;
				CLANG_ENABLE_OBJC_ARC = YES;
				CLANG_WARN_BLOCK_CAPTURE_AUTORELEASING = YES;
				CLANG_WARN_BOOL_CONVERSION = YES;
				CLANG_WARN_COMMA = YES;
				CLANG_WARN_CONSTANT_CONVERSION = YES;
				CLANG_WARN_DIRECT_OBJC_ISA_USAGE = YES_ERROR;
				CLANG_WARN_DOCUMENTATION_COMMENTS = YES;
				CLANG_WARN_EMPTY_BODY = YES;
				CLANG_WARN_ENUM_CONVERSION = YES;
				CLANG_WARN_INFINITE_RECURSION = YES;
				CLANG_WARN_INT_CONVERSION = YES;
				CLANG_WARN_NON_LITERAL_NULL_CONVERSION = YES;
				CLANG_WARN_OBJC_LITERAL_CONVERSION = YES;
				CLANG_WARN_OBJC_ROOT_CLASS = YES_ERROR;
				CLANG_WARN_RANGE_LOOP_ANALYSIS = YES;
				CLANG_WARN_STRICT_PROTOTYPES = YES;
				CLANG_WARN_SUSPICIOUS_MOVE = YES;
				CLANG_WARN_UNGUARDED_AVAILABILITY = YES_AGGRESSIVE;
				CLANG_WARN_UNREACHABLE_CODE = YES;
				CLANG_WARN__DUPLICATE_METHOD_MATCH = YES;
				CODE_SIGN_IDENTITY = "iPhone Developer";
				COPY_PHASE_STRIP = NO;
				DEBUG_INFORMATION_FORMAT = "dwarf-with-dsym";
				ENABLE_NS_ASSERTIONS = NO;
				ENABLE_STRICT_OBJC_MSGSEND = YES;
				GCC_C_LANGUAGE_STANDARD = gnu11;
				GCC_NO_COMMON_BLOCKS = YES;
				GCC_WARN_64_TO_32_BIT_CONVERSION = YES;
				GCC_WARN_ABOUT_RETURN_TYPE = YES_ERROR;
				GCC_WARN_UNDECLARED_SELECTOR = YES;
				GCC_WARN_UNINITIALIZED_AUTOS = YES_AGGRESSIVE;
				GCC_WARN_UNUSED_FUNCTION = YES;
				GCC_WARN_UNUSED_VARIABLE = YES;
				IPHONEOS_DEPLOYMENT_TARGET = 11.2;
				MTL_ENABLE_DEBUG_INFO = NO;
				SDKROOT = iphoneos;
				SWIFT_OPTIMIZATION_LEVEL = "-Owholemodule";
				VALIDATE_PRODUCT = YES;
			};
			name = Release;
		};
		6BF871EE200769220067F8AD /* Debug */ = {
			isa = XCBuildConfiguration;
			buildSettings = {
				ASSETCATALOG_COMPILER_APPICON_NAME = AppIcon;
				CODE_SIGN_STYLE = Automatic;
				DEVELOPMENT_TEAM = FF6XMVP65Y;
				INFOPLIST_FILE = Sightseeing/Info.plist;
				LD_RUNPATH_SEARCH_PATHS = "$(inherited) @executable_path/Frameworks";
				PRODUCT_BUNDLE_IDENTIFIER = "de.informatik.hs-fulda.Sightseeing";
				PRODUCT_NAME = "$(TARGET_NAME)";
				SWIFT_VERSION = 4.0;
				TARGETED_DEVICE_FAMILY = "1,2";
			};
			name = Debug;
		};
		6BF871EF200769220067F8AD /* Release */ = {
			isa = XCBuildConfiguration;
			buildSettings = {
				ASSETCATALOG_COMPILER_APPICON_NAME = AppIcon;
				CODE_SIGN_STYLE = Automatic;
				DEVELOPMENT_TEAM = FF6XMVP65Y;
				INFOPLIST_FILE = Sightseeing/Info.plist;
				LD_RUNPATH_SEARCH_PATHS = "$(inherited) @executable_path/Frameworks";
				PRODUCT_BUNDLE_IDENTIFIER = "de.informatik.hs-fulda.Sightseeing";
				PRODUCT_NAME = "$(TARGET_NAME)";
				SWIFT_VERSION = 4.0;
				TARGETED_DEVICE_FAMILY = "1,2";
			};
			name = Release;
		};
/* End XCBuildConfiguration section */

/* Begin XCConfigurationList section */
		6BF871D4200769220067F8AD /* Build configuration list for PBXProject "Sightseeing" */ = {
			isa = XCConfigurationList;
			buildConfigurations = (
				6BF871EB200769220067F8AD /* Debug */,
				6BF871EC200769220067F8AD /* Release */,
			);
			defaultConfigurationIsVisible = 0;
			defaultConfigurationName = Release;
		};
		6BF871ED200769220067F8AD /* Build configuration list for PBXNativeTarget "Sightseeing" */ = {
			isa = XCConfigurationList;
			buildConfigurations = (
				6BF871EE200769220067F8AD /* Debug */,
				6BF871EF200769220067F8AD /* Release */,
			);
			defaultConfigurationIsVisible = 0;
			defaultConfigurationName = Release;
		};
/* End XCConfigurationList section */
	};
	rootObject = 6BF871D1200769220067F8AD /* Project object */;
}
